// !$*UTF8*$!
{
	archiveVersion = 1;
	classes = {
	};
	objectVersion = 52;
	objects = {

/* Begin PBXBuildFile section */
		59019C4C245F2FEE0072E8EA /* ModsView.swift in Sources */ = {isa = PBXBuildFile; fileRef = 59019C4B245F2FEE0072E8EA /* ModsView.swift */; };
		59019C4E245F35760072E8EA /* ModDetailView.swift in Sources */ = {isa = PBXBuildFile; fileRef = 59019C4D245F35760072E8EA /* ModDetailView.swift */; };
		5901BC01252E70160056886F /* ActionOver in Frameworks */ = {isa = PBXBuildFile; productRef = 5901BC00252E70160056886F /* ActionOver */; };
		59062C24238DE9340082F4E1 /* CharacterIngredientsTableViewController.swift in Sources */ = {isa = PBXBuildFile; fileRef = 59062C23238DE9340082F4E1 /* CharacterIngredientsTableViewController.swift */; };
		59083982250990B3007A86D5 /* ScannerNavigationView.swift in Sources */ = {isa = PBXBuildFile; fileRef = 59083981250990B3007A86D5 /* ScannerNavigationView.swift */; };
		59083984250992E9007A86D5 /* ScannerInfoView.swift in Sources */ = {isa = PBXBuildFile; fileRef = 59083983250992E9007A86D5 /* ScannerInfoView.swift */; };
		590B3A5723FCDC790058D236 /* Bool+Int.swift in Sources */ = {isa = PBXBuildFile; fileRef = 590B3A5623FCDC790058D236 /* Bool+Int.swift */; };
		591040EA24F874DE00FDA521 /* IngredientsView.swift in Sources */ = {isa = PBXBuildFile; fileRef = 591040E924F874DE00FDA521 /* IngredientsView.swift */; };
		591040F024F896FF00FDA521 /* SDWebImageSwiftUI in Frameworks */ = {isa = PBXBuildFile; productRef = 591040EF24F896FF00FDA521 /* SDWebImageSwiftUI */; };
		591B236324EB299B0002096A /* CharacterTrackerViewController.swift in Sources */ = {isa = PBXBuildFile; fileRef = 591B236224EB299B0002096A /* CharacterTrackerViewController.swift */; };
		592F0D8B23DAB2CA00F06F75 /* Pluralize.swift in Sources */ = {isa = PBXBuildFile; fileRef = 592F0D8A23DAB2CA00F06F75 /* Pluralize.swift */; };
		593DDF0924F47B0900D9E357 /* ModController.swift in Sources */ = {isa = PBXBuildFile; fileRef = 593DDF0824F47B0900D9E357 /* ModController.swift */; };
		593DDF0B24F47B2000D9E357 /* ModulesView.swift in Sources */ = {isa = PBXBuildFile; fileRef = 593DDF0A24F47B1F00D9E357 /* ModulesView.swift */; };
		5945EE2F24CA9D570091E72E /* ModulesFilterForm.swift in Sources */ = {isa = PBXBuildFile; fileRef = 5945EE2E24CA9D570091E72E /* ModulesFilterForm.swift */; };
		5946EF9423BD660A0077770D /* SwiftyJSON in Frameworks */ = {isa = PBXBuildFile; productRef = 5946EF9323BD660A0077770D /* SwiftyJSON */; };
		5948ED55250EAA0100D941C0 /* Identifiable.swift in Sources */ = {isa = PBXBuildFile; fileRef = 5948ED54250EAA0100D941C0 /* Identifiable.swift */; };
		594D7ABF2371212100F0795D /* CharacterNameTableViewCell.swift in Sources */ = {isa = PBXBuildFile; fileRef = 594D7ABE2371212100F0795D /* CharacterNameTableViewCell.swift */; };
		594D7AC1237124AD00F0795D /* CharacterController.swift in Sources */ = {isa = PBXBuildFile; fileRef = 594D7AC0237124AD00F0795D /* CharacterController.swift */; };
		5959073424DCA7FC00BE372F /* QRCodeView.swift in Sources */ = {isa = PBXBuildFile; fileRef = 5959073324DCA7FC00BE372F /* QRCodeView.swift */; };
		5959073624DCB14F00BE372F /* ShareSheet.swift in Sources */ = {isa = PBXBuildFile; fileRef = 5959073524DCB14F00BE372F /* ShareSheet.swift */; };
		5959073824DCBC8E00BE372F /* PreferencesForm.swift in Sources */ = {isa = PBXBuildFile; fileRef = 5959073724DCBC8E00BE372F /* PreferencesForm.swift */; };
		595A065C2528F4B700BE6258 /* AcknowledgementsView.swift in Sources */ = {isa = PBXBuildFile; fileRef = 595A065B2528F4B700BE6258 /* AcknowledgementsView.swift */; };
		595F771B236A55EF00151209 /* AppDelegate.swift in Sources */ = {isa = PBXBuildFile; fileRef = 595F771A236A55EF00151209 /* AppDelegate.swift */; };
		595F771D236A55EF00151209 /* SceneDelegate.swift in Sources */ = {isa = PBXBuildFile; fileRef = 595F771C236A55EF00151209 /* SceneDelegate.swift */; };
		595F7722236A55EF00151209 /* Main.storyboard in Resources */ = {isa = PBXBuildFile; fileRef = 595F7720236A55EF00151209 /* Main.storyboard */; };
		595F7725236A55EF00151209 /* Character_Tracker.xcdatamodeld in Sources */ = {isa = PBXBuildFile; fileRef = 595F7723236A55EF00151209 /* Character_Tracker.xcdatamodeld */; };
		595F7727236A55F300151209 /* Assets.xcassets in Resources */ = {isa = PBXBuildFile; fileRef = 595F7726236A55F300151209 /* Assets.xcassets */; };
		595F772A236A55F300151209 /* LaunchScreen.storyboard in Resources */ = {isa = PBXBuildFile; fileRef = 595F7728236A55F300151209 /* LaunchScreen.storyboard */; };
		596C947424CFC23400EAA609 /* EFQRCode in Frameworks */ = {isa = PBXBuildFile; productRef = 596C947324CFC23400EAA609 /* EFQRCode */; };
		5972482F24AD3E0B0005E711 /* UITableViewController+FRCDelegate.swift in Sources */ = {isa = PBXBuildFile; fileRef = 5972482E24AD3E0B0005E711 /* UITableViewController+FRCDelegate.swift */; };
		59749CE32512DAFF009F46A8 /* ImagesView.swift in Sources */ = {isa = PBXBuildFile; fileRef = 59749CE22512DAFF009F46A8 /* ImagesView.swift */; };
		597545F224CB8EA900471664 /* TypeFilterSection.swift in Sources */ = {isa = PBXBuildFile; fileRef = 597545F124CB8EA900471664 /* TypeFilterSection.swift */; };
		597545F424CB92DF00471664 /* AttributesFilterForm.swift in Sources */ = {isa = PBXBuildFile; fileRef = 597545F324CB92DF00471664 /* AttributesFilterForm.swift */; };
		5978EE8625115DB800AA9FB1 /* ModsViewContainer.swift in Sources */ = {isa = PBXBuildFile; fileRef = 5978EE8525115DB800AA9FB1 /* ModsViewContainer.swift */; };
		5978EE882511609500AA9FB1 /* GameController.swift in Sources */ = {isa = PBXBuildFile; fileRef = 5978EE872511609500AA9FB1 /* GameController.swift */; };
		5978EE8A2511657000AA9FB1 /* GamesView.swift in Sources */ = {isa = PBXBuildFile; fileRef = 5978EE892511657000AA9FB1 /* GamesView.swift */; };
		597AC99E2374E04800DC18E6 /* SectionsTableViewController.swift in Sources */ = {isa = PBXBuildFile; fileRef = 597AC99D2374E04800DC18E6 /* SectionsTableViewController.swift */; };
		59850F42237D061500286067 /* ModuleDetailTableViewController.swift in Sources */ = {isa = PBXBuildFile; fileRef = 59850F41237D061500286067 /* ModuleDetailTableViewController.swift */; };
		59850F44237D0F4B00286067 /* ModuleNameTableViewCell.swift in Sources */ = {isa = PBXBuildFile; fileRef = 59850F43237D0F4B00286067 /* ModuleNameTableViewCell.swift */; };
		59850F46237D0FD400286067 /* LevelTableViewCell.swift in Sources */ = {isa = PBXBuildFile; fileRef = 59850F45237D0FD400286067 /* LevelTableViewCell.swift */; };
		5988DC8025146DD1001D5505 /* ImageLinkView.swift in Sources */ = {isa = PBXBuildFile; fileRef = 5988DC7F25146DD1001D5505 /* ImageLinkView.swift */; };
		5988DC8225147150001D5505 /* ImageLinkController.swift in Sources */ = {isa = PBXBuildFile; fileRef = 5988DC8125147150001D5505 /* ImageLinkController.swift */; };
		5997667F24204A3700953FC9 /* LinkTableViewCell.swift in Sources */ = {isa = PBXBuildFile; fileRef = 5997667E24204A3700953FC9 /* LinkTableViewCell.swift */; };
		59ACCD39252BD0AD00994D70 /* Character_Tracker+OrderedImages.swift in Sources */ = {isa = PBXBuildFile; fileRef = 59ACCD38252BD0AD00994D70 /* Character_Tracker+OrderedImages.swift */; };
		59ADFD5A240B228F00B5E828 /* EntityController.swift in Sources */ = {isa = PBXBuildFile; fileRef = 59ADFD59240B228F00B5E828 /* EntityController.swift */; };
		59AE903623DA8AEA00CD1D6F /* NSManagedObject+Delete.swift in Sources */ = {isa = PBXBuildFile; fileRef = 59AE903523DA8AEA00CD1D6F /* NSManagedObject+Delete.swift */; };
		59B3A78B236CF29900B3D33B /* TabBarController.swift in Sources */ = {isa = PBXBuildFile; fileRef = 59B3A78A236CF29900B3D33B /* TabBarController.swift */; };
		59B3A78D236CF59800B3D33B /* SettingsTableViewController.swift in Sources */ = {isa = PBXBuildFile; fileRef = 59B3A78C236CF59800B3D33B /* SettingsTableViewController.swift */; };
		59B3A78F236CF68E00B3D33B /* GameReference.swift in Sources */ = {isa = PBXBuildFile; fileRef = 59B3A78E236CF68E00B3D33B /* GameReference.swift */; };
		59B3A791236CFBEE00B3D33B /* GamesTableViewController.swift in Sources */ = {isa = PBXBuildFile; fileRef = 59B3A790236CFBEE00B3D33B /* GamesTableViewController.swift */; };
		59B3A793236D01B300B3D33B /* CharactersTableViewController.swift in Sources */ = {isa = PBXBuildFile; fileRef = 59B3A792236D01B300B3D33B /* CharactersTableViewController.swift */; };
		59B3A795236D063C00B3D33B /* RacesTableViewController.swift in Sources */ = {isa = PBXBuildFile; fileRef = 59B3A794236D063C00B3D33B /* RacesTableViewController.swift */; };
		59B3A797236D506000B3D33B /* AttributeController.swift in Sources */ = {isa = PBXBuildFile; fileRef = 59B3A796236D506000B3D33B /* AttributeController.swift */; };
		59B6B1C824FDA28C003D168A /* ScannerView.swift in Sources */ = {isa = PBXBuildFile; fileRef = 59B6B1C724FDA28C003D168A /* ScannerView.swift */; };
		59B6B1CA24FDABFF003D168A /* AlertContainer.swift in Sources */ = {isa = PBXBuildFile; fileRef = 59B6B1C924FDABFF003D168A /* AlertContainer.swift */; };
		59B8D941237F8C7B00C7A28F /* IngredientsTableViewController.swift in Sources */ = {isa = PBXBuildFile; fileRef = 59B8D940237F8C7B00C7A28F /* IngredientsTableViewController.swift */; };
		59B8D943237F8F6C00C7A28F /* IngredientController.swift in Sources */ = {isa = PBXBuildFile; fileRef = 59B8D942237F8F6C00C7A28F /* IngredientController.swift */; };
		59B8EA122373A0360008ED11 /* AttributeTypeController.swift in Sources */ = {isa = PBXBuildFile; fileRef = 59B8EA112373A0360008ED11 /* AttributeTypeController.swift */; };
		59B8EA142373A5110008ED11 /* AttributeTypeSectionController.swift in Sources */ = {isa = PBXBuildFile; fileRef = 59B8EA132373A5110008ED11 /* AttributeTypeSectionController.swift */; };
		59BB3D20236AA1C400A4A14E /* CharacterDetailTableViewController.swift in Sources */ = {isa = PBXBuildFile; fileRef = 59BB3D1F236AA1C400A4A14E /* CharacterDetailTableViewController.swift */; };
		59BB3D23236AA8FD00A4A14E /* RaceController.swift in Sources */ = {isa = PBXBuildFile; fileRef = 59BB3D22236AA8FD00A4A14E /* RaceController.swift */; };
		59BB3D25236AA92D00A4A14E /* Character_Tracker+Convenience.swift in Sources */ = {isa = PBXBuildFile; fileRef = 59BB3D24236AA92D00A4A14E /* Character_Tracker+Convenience.swift */; };
		59BB3D27236AA95700A4A14E /* CoreDataStack.swift in Sources */ = {isa = PBXBuildFile; fileRef = 59BB3D26236AA95700A4A14E /* CoreDataStack.swift */; };
		59BB3D29236AAB2F00A4A14E /* AttributesTableViewController.swift in Sources */ = {isa = PBXBuildFile; fileRef = 59BB3D28236AAB2F00A4A14E /* AttributesTableViewController.swift */; };
		59BCF9422377D88C000E90B7 /* UIAlertController+Fixes.swift in Sources */ = {isa = PBXBuildFile; fileRef = 59BCF9412377D88C000E90B7 /* UIAlertController+Fixes.swift */; };
		59BCF973237A3F62000E90B7 /* ModuleTypeController.swift in Sources */ = {isa = PBXBuildFile; fileRef = 59BCF972237A3F62000E90B7 /* ModuleTypeController.swift */; };
		59BCF975237A4488000E90B7 /* ModulesTableViewController.swift in Sources */ = {isa = PBXBuildFile; fileRef = 59BCF974237A4488000E90B7 /* ModulesTableViewController.swift */; };
		59BCF977237A450D000E90B7 /* ModuleController.swift in Sources */ = {isa = PBXBuildFile; fileRef = 59BCF976237A450D000E90B7 /* ModuleController.swift */; };
		59BCF979237A5968000E90B7 /* TypeSection.swift in Sources */ = {isa = PBXBuildFile; fileRef = 59BCF978237A5968000E90B7 /* TypeSection.swift */; };
		59BCF97B237A59B0000E90B7 /* Character_Tracker+TypeSection.swift in Sources */ = {isa = PBXBuildFile; fileRef = 59BCF97A237A59B0000E90B7 /* Character_Tracker+TypeSection.swift */; };
		59C116C524DE44560078AA10 /* ScannerViewController.swift in Sources */ = {isa = PBXBuildFile; fileRef = 59C116C424DE44560078AA10 /* ScannerViewController.swift */; };
		59C33EF523BD6E3500FC1F11 /* JSONController.swift in Sources */ = {isa = PBXBuildFile; fileRef = 59C33EF423BD6E3500FC1F11 /* JSONController.swift */; };
		59C33EF723BD6EF700FC1F11 /* Preload.json in Resources */ = {isa = PBXBuildFile; fileRef = 59C33EF623BD6EF700FC1F11 /* Preload.json */; };
		59DC8021237E343200A77728 /* NotesTableViewCell.swift in Sources */ = {isa = PBXBuildFile; fileRef = 59DC8020237E343200A77728 /* NotesTableViewCell.swift */; };
		59E7A7BB24CCD56D006E77D7 /* PortController.swift in Sources */ = {isa = PBXBuildFile; fileRef = 59E7A7BA24CCD56D006E77D7 /* PortController.swift */; };
		59F77B6A24CFBB86004A3241 /* Character_Tracker+Wrapping.swift in Sources */ = {isa = PBXBuildFile; fileRef = 59F77B6924CFBB86004A3241 /* Character_Tracker+Wrapping.swift */; };
		59FFF31B250050210067DA17 /* ModuleDetailView.swift in Sources */ = {isa = PBXBuildFile; fileRef = 59FFF31A250050210067DA17 /* ModuleDetailView.swift */; };
/* End PBXBuildFile section */

/* Begin PBXFileReference section */
		59019C4B245F2FEE0072E8EA /* ModsView.swift */ = {isa = PBXFileReference; lastKnownFileType = sourcecode.swift; path = ModsView.swift; sourceTree = "<group>"; };
		59019C4D245F35760072E8EA /* ModDetailView.swift */ = {isa = PBXFileReference; lastKnownFileType = sourcecode.swift; path = ModDetailView.swift; sourceTree = "<group>"; };
		59062C23238DE9340082F4E1 /* CharacterIngredientsTableViewController.swift */ = {isa = PBXFileReference; lastKnownFileType = sourcecode.swift; path = CharacterIngredientsTableViewController.swift; sourceTree = "<group>"; };
		59083981250990B3007A86D5 /* ScannerNavigationView.swift */ = {isa = PBXFileReference; lastKnownFileType = sourcecode.swift; path = ScannerNavigationView.swift; sourceTree = "<group>"; };
		59083983250992E9007A86D5 /* ScannerInfoView.swift */ = {isa = PBXFileReference; lastKnownFileType = sourcecode.swift; path = ScannerInfoView.swift; sourceTree = "<group>"; };
		590B3A5623FCDC790058D236 /* Bool+Int.swift */ = {isa = PBXFileReference; lastKnownFileType = sourcecode.swift; path = "Bool+Int.swift"; sourceTree = "<group>"; };
		591040E924F874DE00FDA521 /* IngredientsView.swift */ = {isa = PBXFileReference; lastKnownFileType = sourcecode.swift; path = IngredientsView.swift; sourceTree = "<group>"; };
		591B236224EB299B0002096A /* CharacterTrackerViewController.swift */ = {isa = PBXFileReference; lastKnownFileType = sourcecode.swift; path = CharacterTrackerViewController.swift; sourceTree = "<group>"; };
		592F0D8A23DAB2CA00F06F75 /* Pluralize.swift */ = {isa = PBXFileReference; fileEncoding = 4; lastKnownFileType = sourcecode.swift; path = Pluralize.swift; sourceTree = "<group>"; };
		593DDF0824F47B0900D9E357 /* ModController.swift */ = {isa = PBXFileReference; fileEncoding = 4; lastKnownFileType = sourcecode.swift; path = ModController.swift; sourceTree = "<group>"; };
		593DDF0A24F47B1F00D9E357 /* ModulesView.swift */ = {isa = PBXFileReference; fileEncoding = 4; lastKnownFileType = sourcecode.swift; path = ModulesView.swift; sourceTree = "<group>"; };
		5945EE2E24CA9D570091E72E /* ModulesFilterForm.swift */ = {isa = PBXFileReference; lastKnownFileType = sourcecode.swift; path = ModulesFilterForm.swift; sourceTree = "<group>"; };
		5948ED54250EAA0100D941C0 /* Identifiable.swift */ = {isa = PBXFileReference; lastKnownFileType = sourcecode.swift; path = Identifiable.swift; sourceTree = "<group>"; };
		594D7ABE2371212100F0795D /* CharacterNameTableViewCell.swift */ = {isa = PBXFileReference; lastKnownFileType = sourcecode.swift; path = CharacterNameTableViewCell.swift; sourceTree = "<group>"; };
		594D7AC0237124AD00F0795D /* CharacterController.swift */ = {isa = PBXFileReference; lastKnownFileType = sourcecode.swift; path = CharacterController.swift; sourceTree = "<group>"; };
		5959073324DCA7FC00BE372F /* QRCodeView.swift */ = {isa = PBXFileReference; lastKnownFileType = sourcecode.swift; path = QRCodeView.swift; sourceTree = "<group>"; };
		5959073524DCB14F00BE372F /* ShareSheet.swift */ = {isa = PBXFileReference; lastKnownFileType = sourcecode.swift; path = ShareSheet.swift; sourceTree = "<group>"; };
		5959073724DCBC8E00BE372F /* PreferencesForm.swift */ = {isa = PBXFileReference; lastKnownFileType = sourcecode.swift; path = PreferencesForm.swift; sourceTree = "<group>"; };
		595A065B2528F4B700BE6258 /* AcknowledgementsView.swift */ = {isa = PBXFileReference; lastKnownFileType = sourcecode.swift; path = AcknowledgementsView.swift; sourceTree = "<group>"; };
		595F7717236A55EF00151209 /* Character Tracker.app */ = {isa = PBXFileReference; explicitFileType = wrapper.application; includeInIndex = 0; path = "Character Tracker.app"; sourceTree = BUILT_PRODUCTS_DIR; };
		595F771A236A55EF00151209 /* AppDelegate.swift */ = {isa = PBXFileReference; lastKnownFileType = sourcecode.swift; path = AppDelegate.swift; sourceTree = "<group>"; };
		595F771C236A55EF00151209 /* SceneDelegate.swift */ = {isa = PBXFileReference; lastKnownFileType = sourcecode.swift; path = SceneDelegate.swift; sourceTree = "<group>"; };
		595F7721236A55EF00151209 /* Base */ = {isa = PBXFileReference; lastKnownFileType = file.storyboard; name = Base; path = Base.lproj/Main.storyboard; sourceTree = "<group>"; };
		595F7724236A55EF00151209 /* Character_Tracker.xcdatamodel */ = {isa = PBXFileReference; lastKnownFileType = wrapper.xcdatamodel; path = Character_Tracker.xcdatamodel; sourceTree = "<group>"; };
		595F7726236A55F300151209 /* Assets.xcassets */ = {isa = PBXFileReference; lastKnownFileType = folder.assetcatalog; path = Assets.xcassets; sourceTree = "<group>"; };
		595F7729236A55F300151209 /* Base */ = {isa = PBXFileReference; lastKnownFileType = file.storyboard; name = Base; path = Base.lproj/LaunchScreen.storyboard; sourceTree = "<group>"; };
		595F772B236A55F300151209 /* Info.plist */ = {isa = PBXFileReference; lastKnownFileType = text.plist.xml; path = Info.plist; sourceTree = "<group>"; };
		5972482E24AD3E0B0005E711 /* UITableViewController+FRCDelegate.swift */ = {isa = PBXFileReference; lastKnownFileType = sourcecode.swift; path = "UITableViewController+FRCDelegate.swift"; sourceTree = "<group>"; };
		5974752724F49DB10054C4DE /* Character_Tracker 2.xcdatamodel */ = {isa = PBXFileReference; lastKnownFileType = wrapper.xcdatamodel; path = "Character_Tracker 2.xcdatamodel"; sourceTree = "<group>"; };
		59749CE22512DAFF009F46A8 /* ImagesView.swift */ = {isa = PBXFileReference; lastKnownFileType = sourcecode.swift; path = ImagesView.swift; sourceTree = "<group>"; };
		597545F124CB8EA900471664 /* TypeFilterSection.swift */ = {isa = PBXFileReference; lastKnownFileType = sourcecode.swift; path = TypeFilterSection.swift; sourceTree = "<group>"; };
		597545F324CB92DF00471664 /* AttributesFilterForm.swift */ = {isa = PBXFileReference; lastKnownFileType = sourcecode.swift; path = AttributesFilterForm.swift; sourceTree = "<group>"; };
		5978EE8525115DB800AA9FB1 /* ModsViewContainer.swift */ = {isa = PBXFileReference; lastKnownFileType = sourcecode.swift; path = ModsViewContainer.swift; sourceTree = "<group>"; };
		5978EE872511609500AA9FB1 /* GameController.swift */ = {isa = PBXFileReference; lastKnownFileType = sourcecode.swift; path = GameController.swift; sourceTree = "<group>"; };
		5978EE892511657000AA9FB1 /* GamesView.swift */ = {isa = PBXFileReference; lastKnownFileType = sourcecode.swift; path = GamesView.swift; sourceTree = "<group>"; };
		597AC99D2374E04800DC18E6 /* SectionsTableViewController.swift */ = {isa = PBXFileReference; lastKnownFileType = sourcecode.swift; name = SectionsTableViewController.swift; path = "Character Tracker/Storyboards/SectionsTableViewController.swift"; sourceTree = SOURCE_ROOT; };
		59850F41237D061500286067 /* ModuleDetailTableViewController.swift */ = {isa = PBXFileReference; lastKnownFileType = sourcecode.swift; path = ModuleDetailTableViewController.swift; sourceTree = "<group>"; };
		59850F43237D0F4B00286067 /* ModuleNameTableViewCell.swift */ = {isa = PBXFileReference; lastKnownFileType = sourcecode.swift; path = ModuleNameTableViewCell.swift; sourceTree = "<group>"; };
		59850F45237D0FD400286067 /* LevelTableViewCell.swift */ = {isa = PBXFileReference; lastKnownFileType = sourcecode.swift; path = LevelTableViewCell.swift; sourceTree = "<group>"; };
		5988DC7F25146DD1001D5505 /* ImageLinkView.swift */ = {isa = PBXFileReference; lastKnownFileType = sourcecode.swift; path = ImageLinkView.swift; sourceTree = "<group>"; };
		5988DC8125147150001D5505 /* ImageLinkController.swift */ = {isa = PBXFileReference; lastKnownFileType = sourcecode.swift; path = ImageLinkController.swift; sourceTree = "<group>"; };
		5997667E24204A3700953FC9 /* LinkTableViewCell.swift */ = {isa = PBXFileReference; lastKnownFileType = sourcecode.swift; path = LinkTableViewCell.swift; sourceTree = "<group>"; };
		59ACCD38252BD0AD00994D70 /* Character_Tracker+OrderedImages.swift */ = {isa = PBXFileReference; lastKnownFileType = sourcecode.swift; path = "Character_Tracker+OrderedImages.swift"; sourceTree = "<group>"; };
		59ADFD59240B228F00B5E828 /* EntityController.swift */ = {isa = PBXFileReference; lastKnownFileType = sourcecode.swift; path = EntityController.swift; sourceTree = "<group>"; };
		59AE903523DA8AEA00CD1D6F /* NSManagedObject+Delete.swift */ = {isa = PBXFileReference; lastKnownFileType = sourcecode.swift; name = "NSManagedObject+Delete.swift"; path = "Character Tracker/Model/NSManagedObject+Delete.swift"; sourceTree = SOURCE_ROOT; };
		59B3A78A236CF29900B3D33B /* TabBarController.swift */ = {isa = PBXFileReference; lastKnownFileType = sourcecode.swift; path = TabBarController.swift; sourceTree = "<group>"; };
		59B3A78C236CF59800B3D33B /* SettingsTableViewController.swift */ = {isa = PBXFileReference; lastKnownFileType = sourcecode.swift; path = SettingsTableViewController.swift; sourceTree = "<group>"; };
		59B3A78E236CF68E00B3D33B /* GameReference.swift */ = {isa = PBXFileReference; lastKnownFileType = sourcecode.swift; path = GameReference.swift; sourceTree = "<group>"; };
		59B3A790236CFBEE00B3D33B /* GamesTableViewController.swift */ = {isa = PBXFileReference; lastKnownFileType = sourcecode.swift; path = GamesTableViewController.swift; sourceTree = "<group>"; };
		59B3A792236D01B300B3D33B /* CharactersTableViewController.swift */ = {isa = PBXFileReference; lastKnownFileType = sourcecode.swift; path = CharactersTableViewController.swift; sourceTree = "<group>"; };
		59B3A794236D063C00B3D33B /* RacesTableViewController.swift */ = {isa = PBXFileReference; lastKnownFileType = sourcecode.swift; path = RacesTableViewController.swift; sourceTree = "<group>"; };
		59B3A796236D506000B3D33B /* AttributeController.swift */ = {isa = PBXFileReference; lastKnownFileType = sourcecode.swift; path = AttributeController.swift; sourceTree = "<group>"; };
		59B6B1C724FDA28C003D168A /* ScannerView.swift */ = {isa = PBXFileReference; lastKnownFileType = sourcecode.swift; path = ScannerView.swift; sourceTree = "<group>"; };
		59B6B1C924FDABFF003D168A /* AlertContainer.swift */ = {isa = PBXFileReference; lastKnownFileType = sourcecode.swift; path = AlertContainer.swift; sourceTree = "<group>"; };
		59B8D940237F8C7B00C7A28F /* IngredientsTableViewController.swift */ = {isa = PBXFileReference; lastKnownFileType = sourcecode.swift; path = IngredientsTableViewController.swift; sourceTree = "<group>"; };
		59B8D942237F8F6C00C7A28F /* IngredientController.swift */ = {isa = PBXFileReference; lastKnownFileType = sourcecode.swift; path = IngredientController.swift; sourceTree = "<group>"; };
		59B8EA112373A0360008ED11 /* AttributeTypeController.swift */ = {isa = PBXFileReference; lastKnownFileType = sourcecode.swift; path = AttributeTypeController.swift; sourceTree = "<group>"; };
		59B8EA132373A5110008ED11 /* AttributeTypeSectionController.swift */ = {isa = PBXFileReference; lastKnownFileType = sourcecode.swift; path = AttributeTypeSectionController.swift; sourceTree = "<group>"; };
		59BB3D1F236AA1C400A4A14E /* CharacterDetailTableViewController.swift */ = {isa = PBXFileReference; lastKnownFileType = sourcecode.swift; path = CharacterDetailTableViewController.swift; sourceTree = "<group>"; };
		59BB3D22236AA8FD00A4A14E /* RaceController.swift */ = {isa = PBXFileReference; lastKnownFileType = sourcecode.swift; path = RaceController.swift; sourceTree = "<group>"; };
		59BB3D24236AA92D00A4A14E /* Character_Tracker+Convenience.swift */ = {isa = PBXFileReference; lastKnownFileType = sourcecode.swift; name = "Character_Tracker+Convenience.swift"; path = "Character Tracker/Model Controllers/Character_Tracker+Convenience.swift"; sourceTree = SOURCE_ROOT; };
		59BB3D26236AA95700A4A14E /* CoreDataStack.swift */ = {isa = PBXFileReference; lastKnownFileType = sourcecode.swift; path = CoreDataStack.swift; sourceTree = "<group>"; };
		59BB3D28236AAB2F00A4A14E /* AttributesTableViewController.swift */ = {isa = PBXFileReference; lastKnownFileType = sourcecode.swift; path = AttributesTableViewController.swift; sourceTree = "<group>"; };
		59BCF9412377D88C000E90B7 /* UIAlertController+Fixes.swift */ = {isa = PBXFileReference; lastKnownFileType = sourcecode.swift; path = "UIAlertController+Fixes.swift"; sourceTree = "<group>"; };
		59BCF972237A3F62000E90B7 /* ModuleTypeController.swift */ = {isa = PBXFileReference; lastKnownFileType = sourcecode.swift; path = ModuleTypeController.swift; sourceTree = "<group>"; };
		59BCF974237A4488000E90B7 /* ModulesTableViewController.swift */ = {isa = PBXFileReference; lastKnownFileType = sourcecode.swift; name = ModulesTableViewController.swift; path = "Character Tracker/View Controllers/ModulesTableViewController.swift"; sourceTree = SOURCE_ROOT; };
		59BCF976237A450D000E90B7 /* ModuleController.swift */ = {isa = PBXFileReference; lastKnownFileType = sourcecode.swift; path = ModuleController.swift; sourceTree = "<group>"; };
		59BCF978237A5968000E90B7 /* TypeSection.swift */ = {isa = PBXFileReference; lastKnownFileType = sourcecode.swift; path = TypeSection.swift; sourceTree = "<group>"; };
		59BCF97A237A59B0000E90B7 /* Character_Tracker+TypeSection.swift */ = {isa = PBXFileReference; lastKnownFileType = sourcecode.swift; path = "Character_Tracker+TypeSection.swift"; sourceTree = "<group>"; };
		59C116C424DE44560078AA10 /* ScannerViewController.swift */ = {isa = PBXFileReference; lastKnownFileType = sourcecode.swift; path = ScannerViewController.swift; sourceTree = "<group>"; };
		59C33EF423BD6E3500FC1F11 /* JSONController.swift */ = {isa = PBXFileReference; lastKnownFileType = sourcecode.swift; path = JSONController.swift; sourceTree = "<group>"; };
		59C33EF623BD6EF700FC1F11 /* Preload.json */ = {isa = PBXFileReference; indentWidth = 2; lastKnownFileType = text.json; path = Preload.json; sourceTree = "<group>"; };
		59DC8020237E343200A77728 /* NotesTableViewCell.swift */ = {isa = PBXFileReference; lastKnownFileType = sourcecode.swift; path = NotesTableViewCell.swift; sourceTree = "<group>"; };
		59E7A7BA24CCD56D006E77D7 /* PortController.swift */ = {isa = PBXFileReference; lastKnownFileType = sourcecode.swift; path = PortController.swift; sourceTree = "<group>"; };
		59F77B6924CFBB86004A3241 /* Character_Tracker+Wrapping.swift */ = {isa = PBXFileReference; lastKnownFileType = sourcecode.swift; path = "Character_Tracker+Wrapping.swift"; sourceTree = "<group>"; };
		59FFF31A250050210067DA17 /* ModuleDetailView.swift */ = {isa = PBXFileReference; lastKnownFileType = sourcecode.swift; path = ModuleDetailView.swift; sourceTree = "<group>"; };
/* End PBXFileReference section */

/* Begin PBXFrameworksBuildPhase section */
		595F7714236A55EF00151209 /* Frameworks */ = {
			isa = PBXFrameworksBuildPhase;
			buildActionMask = 2147483647;
			files = (
				5901BC01252E70160056886F /* ActionOver in Frameworks */,
				591040F024F896FF00FDA521 /* SDWebImageSwiftUI in Frameworks */,
				5946EF9423BD660A0077770D /* SwiftyJSON in Frameworks */,
				596C947424CFC23400EAA609 /* EFQRCode in Frameworks */,
			);
			runOnlyForDeploymentPostprocessing = 0;
		};
/* End PBXFrameworksBuildPhase section */

/* Begin PBXGroup section */
		592F0D8923DAB28400F06F75 /* Helpers */ = {
			isa = PBXGroup;
			children = (
				592F0D8A23DAB2CA00F06F75 /* Pluralize.swift */,
				590B3A5623FCDC790058D236 /* Bool+Int.swift */,
				59B6B1C924FDABFF003D168A /* AlertContainer.swift */,
				5948ED54250EAA0100D941C0 /* Identifiable.swift */,
			);
			path = Helpers;
			sourceTree = "<group>";
		};
		5945EE2D24CA9D330091E72E /* SwiftUI Views */ = {
			isa = PBXGroup;
			children = (
				597545F124CB8EA900471664 /* TypeFilterSection.swift */,
				597545F324CB92DF00471664 /* AttributesFilterForm.swift */,
				591040E924F874DE00FDA521 /* IngredientsView.swift */,
				5978EE892511657000AA9FB1 /* GamesView.swift */,
				59749CE22512DAFF009F46A8 /* ImagesView.swift */,
				5988DC7F25146DD1001D5505 /* ImageLinkView.swift */,
				595A065A2528F49800BE6258 /* Settings */,
				59B6B1CF24FDC674003D168A /* Porting */,
				59B6B1CB24FDC5E7003D168A /* Modules */,
				59B6B1CE24FDC62C003D168A /* Mods */,
			);
			path = "SwiftUI Views";
			sourceTree = "<group>";
		};
		594D7ABD2371210D00F0795D /* Views */ = {
			isa = PBXGroup;
			children = (
				59BCF9412377D88C000E90B7 /* UIAlertController+Fixes.swift */,
				594D7ABE2371212100F0795D /* CharacterNameTableViewCell.swift */,
				59850F43237D0F4B00286067 /* ModuleNameTableViewCell.swift */,
				59850F45237D0FD400286067 /* LevelTableViewCell.swift */,
				59DC8020237E343200A77728 /* NotesTableViewCell.swift */,
				5997667E24204A3700953FC9 /* LinkTableViewCell.swift */,
				5972482E24AD3E0B0005E711 /* UITableViewController+FRCDelegate.swift */,
			);
			path = Views;
			sourceTree = "<group>";
		};
		595A065A2528F49800BE6258 /* Settings */ = {
			isa = PBXGroup;
			children = (
				5959073724DCBC8E00BE372F /* PreferencesForm.swift */,
				595A065B2528F4B700BE6258 /* AcknowledgementsView.swift */,
			);
			name = Settings;
			sourceTree = "<group>";
		};
		595F770E236A55EF00151209 = {
			isa = PBXGroup;
			children = (
				595F7719236A55EF00151209 /* Character Tracker */,
				595F7718236A55EF00151209 /* Products */,
			);
			sourceTree = "<group>";
		};
		595F7718236A55EF00151209 /* Products */ = {
			isa = PBXGroup;
			children = (
				595F7717236A55EF00151209 /* Character Tracker.app */,
			);
			name = Products;
			sourceTree = "<group>";
		};
		595F7719236A55EF00151209 /* Character Tracker */ = {
			isa = PBXGroup;
			children = (
				595F771A236A55EF00151209 /* AppDelegate.swift */,
				595F771C236A55EF00151209 /* SceneDelegate.swift */,
				5945EE2D24CA9D330091E72E /* SwiftUI Views */,
				595F7732236A562E00151209 /* Model */,
				59BB3D21236AA8B300A4A14E /* Model Controllers */,
				592F0D8923DAB28400F06F75 /* Helpers */,
				59BB3D1E236AA19800A4A14E /* View Controllers */,
				594D7ABD2371210D00F0795D /* Views */,
				595F7731236A561800151209 /* Storyboards */,
				59B3A774236B9EE800B3D33B /* Resources */,
				595F772B236A55F300151209 /* Info.plist */,
			);
			path = "Character Tracker";
			sourceTree = "<group>";
		};
		595F7731236A561800151209 /* Storyboards */ = {
			isa = PBXGroup;
			children = (
				595F7720236A55EF00151209 /* Main.storyboard */,
				595F7728236A55F300151209 /* LaunchScreen.storyboard */,
			);
			path = Storyboards;
			sourceTree = "<group>";
		};
		595F7732236A562E00151209 /* Model */ = {
			isa = PBXGroup;
			children = (
				595F7723236A55EF00151209 /* Character_Tracker.xcdatamodeld */,
				59BB3D24236AA92D00A4A14E /* Character_Tracker+Convenience.swift */,
				59BB3D26236AA95700A4A14E /* CoreDataStack.swift */,
				59B3A78E236CF68E00B3D33B /* GameReference.swift */,
				59BCF978237A5968000E90B7 /* TypeSection.swift */,
				59BCF97A237A59B0000E90B7 /* Character_Tracker+TypeSection.swift */,
				59AE903523DA8AEA00CD1D6F /* NSManagedObject+Delete.swift */,
				59F77B6924CFBB86004A3241 /* Character_Tracker+Wrapping.swift */,
				59ACCD38252BD0AD00994D70 /* Character_Tracker+OrderedImages.swift */,
			);
			path = Model;
			sourceTree = "<group>";
		};
		59B3A774236B9EE800B3D33B /* Resources */ = {
			isa = PBXGroup;
			children = (
				595F7726236A55F300151209 /* Assets.xcassets */,
				59C33EF623BD6EF700FC1F11 /* Preload.json */,
			);
			path = Resources;
			sourceTree = "<group>";
		};
		59B6B1CB24FDC5E7003D168A /* Modules */ = {
			isa = PBXGroup;
			children = (
				5945EE2E24CA9D570091E72E /* ModulesFilterForm.swift */,
				593DDF0A24F47B1F00D9E357 /* ModulesView.swift */,
				59FFF31A250050210067DA17 /* ModuleDetailView.swift */,
			);
			name = Modules;
			sourceTree = "<group>";
		};
		59B6B1CE24FDC62C003D168A /* Mods */ = {
			isa = PBXGroup;
			children = (
				5978EE8525115DB800AA9FB1 /* ModsViewContainer.swift */,
				59019C4B245F2FEE0072E8EA /* ModsView.swift */,
				59019C4D245F35760072E8EA /* ModDetailView.swift */,
			);
			name = Mods;
			sourceTree = "<group>";
		};
		59B6B1CF24FDC674003D168A /* Porting */ = {
			isa = PBXGroup;
			children = (
				5959073324DCA7FC00BE372F /* QRCodeView.swift */,
				5959073524DCB14F00BE372F /* ShareSheet.swift */,
				59B6B1C724FDA28C003D168A /* ScannerView.swift */,
				59083981250990B3007A86D5 /* ScannerNavigationView.swift */,
				59083983250992E9007A86D5 /* ScannerInfoView.swift */,
			);
			name = Porting;
			sourceTree = "<group>";
		};
		59BB3D1E236AA19800A4A14E /* View Controllers */ = {
			isa = PBXGroup;
			children = (
				591B236224EB299B0002096A /* CharacterTrackerViewController.swift */,
				59BCF974237A4488000E90B7 /* ModulesTableViewController.swift */,
				59BB3D28236AAB2F00A4A14E /* AttributesTableViewController.swift */,
				597AC99D2374E04800DC18E6 /* SectionsTableViewController.swift */,
				59BB3D1F236AA1C400A4A14E /* CharacterDetailTableViewController.swift */,
				59B3A794236D063C00B3D33B /* RacesTableViewController.swift */,
				59B3A78A236CF29900B3D33B /* TabBarController.swift */,
				59B3A78C236CF59800B3D33B /* SettingsTableViewController.swift */,
				59B3A790236CFBEE00B3D33B /* GamesTableViewController.swift */,
				59B3A792236D01B300B3D33B /* CharactersTableViewController.swift */,
				59850F41237D061500286067 /* ModuleDetailTableViewController.swift */,
				59B8D940237F8C7B00C7A28F /* IngredientsTableViewController.swift */,
				59062C23238DE9340082F4E1 /* CharacterIngredientsTableViewController.swift */,
				59C116C424DE44560078AA10 /* ScannerViewController.swift */,
			);
			path = "View Controllers";
			sourceTree = "<group>";
		};
		59BB3D21236AA8B300A4A14E /* Model Controllers */ = {
			isa = PBXGroup;
			children = (
				59B8EA132373A5110008ED11 /* AttributeTypeSectionController.swift */,
				59B8EA112373A0360008ED11 /* AttributeTypeController.swift */,
				59BCF972237A3F62000E90B7 /* ModuleTypeController.swift */,
				59BB3D22236AA8FD00A4A14E /* RaceController.swift */,
				594D7AC0237124AD00F0795D /* CharacterController.swift */,
				59B3A796236D506000B3D33B /* AttributeController.swift */,
				59BCF976237A450D000E90B7 /* ModuleController.swift */,
				59B8D942237F8F6C00C7A28F /* IngredientController.swift */,
				59C33EF423BD6E3500FC1F11 /* JSONController.swift */,
				59E7A7BA24CCD56D006E77D7 /* PortController.swift */,
				59ADFD59240B228F00B5E828 /* EntityController.swift */,
				593DDF0824F47B0900D9E357 /* ModController.swift */,
				5978EE872511609500AA9FB1 /* GameController.swift */,
				5988DC8125147150001D5505 /* ImageLinkController.swift */,
			);
			path = "Model Controllers";
			sourceTree = "<group>";
		};
/* End PBXGroup section */

/* Begin PBXNativeTarget section */
		595F7716236A55EF00151209 /* Character Tracker */ = {
			isa = PBXNativeTarget;
			buildConfigurationList = 595F772E236A55F300151209 /* Build configuration list for PBXNativeTarget "Character Tracker" */;
			buildPhases = (
				595F7713236A55EF00151209 /* Sources */,
				595F7714236A55EF00151209 /* Frameworks */,
				595F7715236A55EF00151209 /* Resources */,
			);
			buildRules = (
			);
			dependencies = (
			);
			name = "Character Tracker";
			packageProductDependencies = (
				5946EF9323BD660A0077770D /* SwiftyJSON */,
				596C947324CFC23400EAA609 /* EFQRCode */,
				591040EF24F896FF00FDA521 /* SDWebImageSwiftUI */,
				5901BC00252E70160056886F /* ActionOver */,
			);
			productName = "Character Tracker";
			productReference = 595F7717236A55EF00151209 /* Character Tracker.app */;
			productType = "com.apple.product-type.application";
		};
/* End PBXNativeTarget section */

/* Begin PBXProject section */
		595F770F236A55EF00151209 /* Project object */ = {
			isa = PBXProject;
			attributes = {
				LastSwiftUpdateCheck = 1110;
				LastUpgradeCheck = 1200;
				ORGANIZATIONNAME = "Isaac Lyons";
				TargetAttributes = {
					595F7716236A55EF00151209 = {
						CreatedOnToolsVersion = 11.1;
					};
				};
			};
			buildConfigurationList = 595F7712236A55EF00151209 /* Build configuration list for PBXProject "Character Tracker" */;
			compatibilityVersion = "Xcode 9.3";
			developmentRegion = en;
			hasScannedForEncodings = 0;
			knownRegions = (
				en,
				Base,
			);
			mainGroup = 595F770E236A55EF00151209;
			packageReferences = (
				5946EF9223BD66090077770D /* XCRemoteSwiftPackageReference "SwiftyJSON" */,
				596C947224CFC23400EAA609 /* XCRemoteSwiftPackageReference "EFQRCode" */,
				591040EE24F896FF00FDA521 /* XCRemoteSwiftPackageReference "SDWebImageSwiftUI" */,
				5901BBFF252E70160056886F /* XCRemoteSwiftPackageReference "ActionOver" */,
			);
			productRefGroup = 595F7718236A55EF00151209 /* Products */;
			projectDirPath = "";
			projectRoot = "";
			targets = (
				595F7716236A55EF00151209 /* Character Tracker */,
			);
		};
/* End PBXProject section */

/* Begin PBXResourcesBuildPhase section */
		595F7715236A55EF00151209 /* Resources */ = {
			isa = PBXResourcesBuildPhase;
			buildActionMask = 2147483647;
			files = (
				595F772A236A55F300151209 /* LaunchScreen.storyboard in Resources */,
				595F7727236A55F300151209 /* Assets.xcassets in Resources */,
				595F7722236A55EF00151209 /* Main.storyboard in Resources */,
				59C33EF723BD6EF700FC1F11 /* Preload.json in Resources */,
			);
			runOnlyForDeploymentPostprocessing = 0;
		};
/* End PBXResourcesBuildPhase section */

/* Begin PBXSourcesBuildPhase section */
		595F7713236A55EF00151209 /* Sources */ = {
			isa = PBXSourcesBuildPhase;
			buildActionMask = 2147483647;
			files = (
				59F77B6A24CFBB86004A3241 /* Character_Tracker+Wrapping.swift in Sources */,
				5972482F24AD3E0B0005E711 /* UITableViewController+FRCDelegate.swift in Sources */,
				59BCF979237A5968000E90B7 /* TypeSection.swift in Sources */,
				59B3A78F236CF68E00B3D33B /* GameReference.swift in Sources */,
				59ADFD5A240B228F00B5E828 /* EntityController.swift in Sources */,
				59083982250990B3007A86D5 /* ScannerNavigationView.swift in Sources */,
				59B8D943237F8F6C00C7A28F /* IngredientController.swift in Sources */,
				59ACCD39252BD0AD00994D70 /* Character_Tracker+OrderedImages.swift in Sources */,
				59AE903623DA8AEA00CD1D6F /* NSManagedObject+Delete.swift in Sources */,
				59C116C524DE44560078AA10 /* ScannerViewController.swift in Sources */,
				59B3A797236D506000B3D33B /* AttributeController.swift in Sources */,
				59B3A791236CFBEE00B3D33B /* GamesTableViewController.swift in Sources */,
				5978EE8625115DB800AA9FB1 /* ModsViewContainer.swift in Sources */,
				59019C4C245F2FEE0072E8EA /* ModsView.swift in Sources */,
				5978EE882511609500AA9FB1 /* GameController.swift in Sources */,
				59BCF9422377D88C000E90B7 /* UIAlertController+Fixes.swift in Sources */,
				593DDF0B24F47B2000D9E357 /* ModulesView.swift in Sources */,
				5959073424DCA7FC00BE372F /* QRCodeView.swift in Sources */,
				59850F46237D0FD400286067 /* LevelTableViewCell.swift in Sources */,
				594D7ABF2371212100F0795D /* CharacterNameTableViewCell.swift in Sources */,
				59BB3D27236AA95700A4A14E /* CoreDataStack.swift in Sources */,
				593DDF0924F47B0900D9E357 /* ModController.swift in Sources */,
				5945EE2F24CA9D570091E72E /* ModulesFilterForm.swift in Sources */,
				594D7AC1237124AD00F0795D /* CharacterController.swift in Sources */,
				59B8EA122373A0360008ED11 /* AttributeTypeController.swift in Sources */,
				595F771B236A55EF00151209 /* AppDelegate.swift in Sources */,
				5988DC8225147150001D5505 /* ImageLinkController.swift in Sources */,
				59BCF97B237A59B0000E90B7 /* Character_Tracker+TypeSection.swift in Sources */,
				59B3A795236D063C00B3D33B /* RacesTableViewController.swift in Sources */,
				59019C4E245F35760072E8EA /* ModDetailView.swift in Sources */,
				595F7725236A55EF00151209 /* Character_Tracker.xcdatamodeld in Sources */,
				59749CE32512DAFF009F46A8 /* ImagesView.swift in Sources */,
				59B3A78B236CF29900B3D33B /* TabBarController.swift in Sources */,
				5948ED55250EAA0100D941C0 /* Identifiable.swift in Sources */,
				5959073624DCB14F00BE372F /* ShareSheet.swift in Sources */,
				59062C24238DE9340082F4E1 /* CharacterIngredientsTableViewController.swift in Sources */,
				592F0D8B23DAB2CA00F06F75 /* Pluralize.swift in Sources */,
				59B8D941237F8C7B00C7A28F /* IngredientsTableViewController.swift in Sources */,
				59850F42237D061500286067 /* ModuleDetailTableViewController.swift in Sources */,
				59E7A7BB24CCD56D006E77D7 /* PortController.swift in Sources */,
				59B6B1C824FDA28C003D168A /* ScannerView.swift in Sources */,
				59BB3D20236AA1C400A4A14E /* CharacterDetailTableViewController.swift in Sources */,
				59DC8021237E343200A77728 /* NotesTableViewCell.swift in Sources */,
				59BB3D29236AAB2F00A4A14E /* AttributesTableViewController.swift in Sources */,
				597AC99E2374E04800DC18E6 /* SectionsTableViewController.swift in Sources */,
				590B3A5723FCDC790058D236 /* Bool+Int.swift in Sources */,
				597545F424CB92DF00471664 /* AttributesFilterForm.swift in Sources */,
				59083984250992E9007A86D5 /* ScannerInfoView.swift in Sources */,
				59850F44237D0F4B00286067 /* ModuleNameTableViewCell.swift in Sources */,
				59BCF973237A3F62000E90B7 /* ModuleTypeController.swift in Sources */,
				59B6B1CA24FDABFF003D168A /* AlertContainer.swift in Sources */,
				59B3A78D236CF59800B3D33B /* SettingsTableViewController.swift in Sources */,
				595F771D236A55EF00151209 /* SceneDelegate.swift in Sources */,
				5978EE8A2511657000AA9FB1 /* GamesView.swift in Sources */,
				5988DC8025146DD1001D5505 /* ImageLinkView.swift in Sources */,
				5959073824DCBC8E00BE372F /* PreferencesForm.swift in Sources */,
				597545F224CB8EA900471664 /* TypeFilterSection.swift in Sources */,
				59BB3D25236AA92D00A4A14E /* Character_Tracker+Convenience.swift in Sources */,
				59FFF31B250050210067DA17 /* ModuleDetailView.swift in Sources */,
				591040EA24F874DE00FDA521 /* IngredientsView.swift in Sources */,
				59BCF977237A450D000E90B7 /* ModuleController.swift in Sources */,
				591B236324EB299B0002096A /* CharacterTrackerViewController.swift in Sources */,
				59C33EF523BD6E3500FC1F11 /* JSONController.swift in Sources */,
				59BB3D23236AA8FD00A4A14E /* RaceController.swift in Sources */,
				595A065C2528F4B700BE6258 /* AcknowledgementsView.swift in Sources */,
				5997667F24204A3700953FC9 /* LinkTableViewCell.swift in Sources */,
				59BCF975237A4488000E90B7 /* ModulesTableViewController.swift in Sources */,
				59B3A793236D01B300B3D33B /* CharactersTableViewController.swift in Sources */,
				59B8EA142373A5110008ED11 /* AttributeTypeSectionController.swift in Sources */,
			);
			runOnlyForDeploymentPostprocessing = 0;
		};
/* End PBXSourcesBuildPhase section */

/* Begin PBXVariantGroup section */
		595F7720236A55EF00151209 /* Main.storyboard */ = {
			isa = PBXVariantGroup;
			children = (
				595F7721236A55EF00151209 /* Base */,
			);
			name = Main.storyboard;
			sourceTree = "<group>";
		};
		595F7728236A55F300151209 /* LaunchScreen.storyboard */ = {
			isa = PBXVariantGroup;
			children = (
				595F7729236A55F300151209 /* Base */,
			);
			name = LaunchScreen.storyboard;
			sourceTree = "<group>";
		};
/* End PBXVariantGroup section */

/* Begin XCBuildConfiguration section */
		595F772C236A55F300151209 /* Debug */ = {
			isa = XCBuildConfiguration;
			buildSettings = {
				ALWAYS_SEARCH_USER_PATHS = NO;
				CLANG_ANALYZER_NONNULL = YES;
				CLANG_ANALYZER_NUMBER_OBJECT_CONVERSION = YES_AGGRESSIVE;
				CLANG_CXX_LANGUAGE_STANDARD = "gnu++14";
				CLANG_CXX_LIBRARY = "libc++";
				CLANG_ENABLE_MODULES = YES;
				CLANG_ENABLE_OBJC_ARC = YES;
				CLANG_ENABLE_OBJC_WEAK = YES;
				CLANG_WARN_BLOCK_CAPTURE_AUTORELEASING = YES;
				CLANG_WARN_BOOL_CONVERSION = YES;
				CLANG_WARN_COMMA = YES;
				CLANG_WARN_CONSTANT_CONVERSION = YES;
				CLANG_WARN_DEPRECATED_OBJC_IMPLEMENTATIONS = YES;
				CLANG_WARN_DIRECT_OBJC_ISA_USAGE = YES_ERROR;
				CLANG_WARN_DOCUMENTATION_COMMENTS = YES;
				CLANG_WARN_EMPTY_BODY = YES;
				CLANG_WARN_ENUM_CONVERSION = YES;
				CLANG_WARN_INFINITE_RECURSION = YES;
				CLANG_WARN_INT_CONVERSION = YES;
				CLANG_WARN_NON_LITERAL_NULL_CONVERSION = YES;
				CLANG_WARN_OBJC_IMPLICIT_RETAIN_SELF = YES;
				CLANG_WARN_OBJC_LITERAL_CONVERSION = YES;
				CLANG_WARN_OBJC_ROOT_CLASS = YES_ERROR;
				CLANG_WARN_QUOTED_INCLUDE_IN_FRAMEWORK_HEADER = YES;
				CLANG_WARN_RANGE_LOOP_ANALYSIS = YES;
				CLANG_WARN_STRICT_PROTOTYPES = YES;
				CLANG_WARN_SUSPICIOUS_MOVE = YES;
				CLANG_WARN_UNGUARDED_AVAILABILITY = YES_AGGRESSIVE;
				CLANG_WARN_UNREACHABLE_CODE = YES;
				CLANG_WARN__DUPLICATE_METHOD_MATCH = YES;
				COPY_PHASE_STRIP = NO;
				DEBUG_INFORMATION_FORMAT = dwarf;
				ENABLE_STRICT_OBJC_MSGSEND = YES;
				ENABLE_TESTABILITY = YES;
				GCC_C_LANGUAGE_STANDARD = gnu11;
				GCC_DYNAMIC_NO_PIC = NO;
				GCC_NO_COMMON_BLOCKS = YES;
				GCC_OPTIMIZATION_LEVEL = 0;
				GCC_PREPROCESSOR_DEFINITIONS = (
					"DEBUG=1",
					"$(inherited)",
				);
				GCC_WARN_64_TO_32_BIT_CONVERSION = YES;
				GCC_WARN_ABOUT_RETURN_TYPE = YES_ERROR;
				GCC_WARN_UNDECLARED_SELECTOR = YES;
				GCC_WARN_UNINITIALIZED_AUTOS = YES_AGGRESSIVE;
				GCC_WARN_UNUSED_FUNCTION = YES;
				GCC_WARN_UNUSED_VARIABLE = YES;
				IPHONEOS_DEPLOYMENT_TARGET = 13.1;
				MTL_ENABLE_DEBUG_INFO = INCLUDE_SOURCE;
				MTL_FAST_MATH = YES;
				ONLY_ACTIVE_ARCH = YES;
				SDKROOT = iphoneos;
				SWIFT_ACTIVE_COMPILATION_CONDITIONS = DEBUG;
				SWIFT_OPTIMIZATION_LEVEL = "-Onone";
			};
			name = Debug;
		};
		595F772D236A55F300151209 /* Release */ = {
			isa = XCBuildConfiguration;
			buildSettings = {
				ALWAYS_SEARCH_USER_PATHS = NO;
				CLANG_ANALYZER_NONNULL = YES;
				CLANG_ANALYZER_NUMBER_OBJECT_CONVERSION = YES_AGGRESSIVE;
				CLANG_CXX_LANGUAGE_STANDARD = "gnu++14";
				CLANG_CXX_LIBRARY = "libc++";
				CLANG_ENABLE_MODULES = YES;
				CLANG_ENABLE_OBJC_ARC = YES;
				CLANG_ENABLE_OBJC_WEAK = YES;
				CLANG_WARN_BLOCK_CAPTURE_AUTORELEASING = YES;
				CLANG_WARN_BOOL_CONVERSION = YES;
				CLANG_WARN_COMMA = YES;
				CLANG_WARN_CONSTANT_CONVERSION = YES;
				CLANG_WARN_DEPRECATED_OBJC_IMPLEMENTATIONS = YES;
				CLANG_WARN_DIRECT_OBJC_ISA_USAGE = YES_ERROR;
				CLANG_WARN_DOCUMENTATION_COMMENTS = YES;
				CLANG_WARN_EMPTY_BODY = YES;
				CLANG_WARN_ENUM_CONVERSION = YES;
				CLANG_WARN_INFINITE_RECURSION = YES;
				CLANG_WARN_INT_CONVERSION = YES;
				CLANG_WARN_NON_LITERAL_NULL_CONVERSION = YES;
				CLANG_WARN_OBJC_IMPLICIT_RETAIN_SELF = YES;
				CLANG_WARN_OBJC_LITERAL_CONVERSION = YES;
				CLANG_WARN_OBJC_ROOT_CLASS = YES_ERROR;
				CLANG_WARN_QUOTED_INCLUDE_IN_FRAMEWORK_HEADER = YES;
				CLANG_WARN_RANGE_LOOP_ANALYSIS = YES;
				CLANG_WARN_STRICT_PROTOTYPES = YES;
				CLANG_WARN_SUSPICIOUS_MOVE = YES;
				CLANG_WARN_UNGUARDED_AVAILABILITY = YES_AGGRESSIVE;
				CLANG_WARN_UNREACHABLE_CODE = YES;
				CLANG_WARN__DUPLICATE_METHOD_MATCH = YES;
				COPY_PHASE_STRIP = NO;
				DEBUG_INFORMATION_FORMAT = "dwarf-with-dsym";
				ENABLE_NS_ASSERTIONS = NO;
				ENABLE_STRICT_OBJC_MSGSEND = YES;
				GCC_C_LANGUAGE_STANDARD = gnu11;
				GCC_NO_COMMON_BLOCKS = YES;
				GCC_WARN_64_TO_32_BIT_CONVERSION = YES;
				GCC_WARN_ABOUT_RETURN_TYPE = YES_ERROR;
				GCC_WARN_UNDECLARED_SELECTOR = YES;
				GCC_WARN_UNINITIALIZED_AUTOS = YES_AGGRESSIVE;
				GCC_WARN_UNUSED_FUNCTION = YES;
				GCC_WARN_UNUSED_VARIABLE = YES;
				IPHONEOS_DEPLOYMENT_TARGET = 13.1;
				MTL_ENABLE_DEBUG_INFO = NO;
				MTL_FAST_MATH = YES;
				SDKROOT = iphoneos;
				SWIFT_COMPILATION_MODE = wholemodule;
				SWIFT_OPTIMIZATION_LEVEL = "-O";
				VALIDATE_PRODUCT = YES;
			};
			name = Release;
		};
		595F772F236A55F300151209 /* Debug */ = {
			isa = XCBuildConfiguration;
			buildSettings = {
				ASSETCATALOG_COMPILER_APPICON_NAME = AppIcon;
				CODE_SIGN_STYLE = Automatic;
				CURRENT_PROJECT_VERSION = 10;
				DEVELOPMENT_TEAM = A4525544Q4;
				INFOPLIST_FILE = "Character Tracker/Info.plist";
				LD_RUNPATH_SEARCH_PATHS = (
					"$(inherited)",
					"@executable_path/Frameworks",
				);
				MARKETING_VERSION = 1.2.1;
				PRODUCT_BUNDLE_IDENTIFIER = "vc.isv.Character-Tracker";
				PRODUCT_NAME = "$(TARGET_NAME)";
				SWIFT_VERSION = 5.0;
				TARGETED_DEVICE_FAMILY = "1,2";
			};
			name = Debug;
		};
		595F7730236A55F300151209 /* Release */ = {
			isa = XCBuildConfiguration;
			buildSettings = {
				ASSETCATALOG_COMPILER_APPICON_NAME = AppIcon;
				CODE_SIGN_STYLE = Automatic;
				CURRENT_PROJECT_VERSION = 10;
				DEVELOPMENT_TEAM = A4525544Q4;
				INFOPLIST_FILE = "Character Tracker/Info.plist";
				LD_RUNPATH_SEARCH_PATHS = (
					"$(inherited)",
					"@executable_path/Frameworks",
				);
				MARKETING_VERSION = 1.2.1;
				PRODUCT_BUNDLE_IDENTIFIER = "vc.isv.Character-Tracker";
				PRODUCT_NAME = "$(TARGET_NAME)";
				SWIFT_VERSION = 5.0;
				TARGETED_DEVICE_FAMILY = "1,2";
			};
			name = Release;
		};
/* End XCBuildConfiguration section */

/* Begin XCConfigurationList section */
		595F7712236A55EF00151209 /* Build configuration list for PBXProject "Character Tracker" */ = {
			isa = XCConfigurationList;
			buildConfigurations = (
				595F772C236A55F300151209 /* Debug */,
				595F772D236A55F300151209 /* Release */,
			);
			defaultConfigurationIsVisible = 0;
			defaultConfigurationName = Release;
		};
		595F772E236A55F300151209 /* Build configuration list for PBXNativeTarget "Character Tracker" */ = {
			isa = XCConfigurationList;
			buildConfigurations = (
				595F772F236A55F300151209 /* Debug */,
				595F7730236A55F300151209 /* Release */,
			);
			defaultConfigurationIsVisible = 0;
			defaultConfigurationName = Release;
		};
/* End XCConfigurationList section */

/* Begin XCRemoteSwiftPackageReference section */
		5901BBFF252E70160056886F /* XCRemoteSwiftPackageReference "ActionOver" */ = {
			isa = XCRemoteSwiftPackageReference;
			repositoryURL = "https://github.com/AndreaMiotto/ActionOver.git";
			requirement = {
				kind = upToNextMajorVersion;
				minimumVersion = 1.0.3;
			};
		};
		591040EE24F896FF00FDA521 /* XCRemoteSwiftPackageReference "SDWebImageSwiftUI" */ = {
			isa = XCRemoteSwiftPackageReference;
			repositoryURL = "https://github.com/SDWebImage/SDWebImageSwiftUI.git";
			requirement = {
				kind = upToNextMajorVersion;
				minimumVersion = 1.5.0;
			};
		};
		5946EF9223BD66090077770D /* XCRemoteSwiftPackageReference "SwiftyJSON" */ = {
			isa = XCRemoteSwiftPackageReference;
			repositoryURL = "https://github.com/SwiftyJSON/SwiftyJSON.git";
			requirement = {
				kind = upToNextMajorVersion;
				minimumVersion = 5.0.0;
			};
		};
		596C947224CFC23400EAA609 /* XCRemoteSwiftPackageReference "EFQRCode" */ = {
			isa = XCRemoteSwiftPackageReference;
			repositoryURL = "https://github.com/EFPrefix/EFQRCode.git";
			requirement = {
				kind = upToNextMajorVersion;
				minimumVersion = 5.1.6;
			};
		};
/* End XCRemoteSwiftPackageReference section */

/* Begin XCSwiftPackageProductDependency section */
		5901BC00252E70160056886F /* ActionOver */ = {
			isa = XCSwiftPackageProductDependency;
			package = 5901BBFF252E70160056886F /* XCRemoteSwiftPackageReference "ActionOver" */;
			productName = ActionOver;
		};
		591040EF24F896FF00FDA521 /* SDWebImageSwiftUI */ = {
			isa = XCSwiftPackageProductDependency;
			package = 591040EE24F896FF00FDA521 /* XCRemoteSwiftPackageReference "SDWebImageSwiftUI" */;
			productName = SDWebImageSwiftUI;
		};
		5946EF9323BD660A0077770D /* SwiftyJSON */ = {
			isa = XCSwiftPackageProductDependency;
			package = 5946EF9223BD66090077770D /* XCRemoteSwiftPackageReference "SwiftyJSON" */;
			productName = SwiftyJSON;
		};
		596C947324CFC23400EAA609 /* EFQRCode */ = {
			isa = XCSwiftPackageProductDependency;
			package = 596C947224CFC23400EAA609 /* XCRemoteSwiftPackageReference "EFQRCode" */;
			productName = EFQRCode;
		};
/* End XCSwiftPackageProductDependency section */

/* Begin XCVersionGroup section */
		595F7723236A55EF00151209 /* Character_Tracker.xcdatamodeld */ = {
			isa = XCVersionGroup;
			children = (
				5974752724F49DB10054C4DE /* Character_Tracker 2.xcdatamodel */,
				595F7724236A55EF00151209 /* Character_Tracker.xcdatamodel */,
			);
			currentVersion = 5974752724F49DB10054C4DE /* Character_Tracker 2.xcdatamodel */;
			path = Character_Tracker.xcdatamodeld;
			sourceTree = "<group>";
			versionGroupType = wrapper.xcdatamodel;
		};
/* End XCVersionGroup section */
	};
	rootObject = 595F770F236A55EF00151209 /* Project object */;
}
